{
  "lockfile_version": "1",
  "packages": {
    "ansible@latest": {
      "last_modified": "2026-07-11T07:21:12Z",
      "resolved": "github:NixOS/nixpkgs/770b9bbb84018993c8f009d437fff6c2e3077037#ansible",
      "source": "devbox-search",
      "version": "2.21.1",
      "systems": {
        "aarch64-darwin": {
          "outputs": [
            {
              "name": "out",
              "path": "/nix/store/2n8s51s5sj6fgaaggk07g8jpkby9hw70-python3.14-ansible-core-2.21.1",
              "default": true
            },
            {
              "name": "dist",
              "path": "/nix/store/lm82aqmcj1g4gjjxf3fjsxbfyg0199m6-python3.14-ansible-core-2.21.1-dist"
            }
          ],
          "store_path": "/nix/store/2n8s51s5sj6fgaaggk07g8jpkby9hw70-python3.14-ansible-core-2.21.1"
        },
        "aarch64-linux": {
          "outputs": [
            {
              "name": "out",
              "path": "/nix/store/qsl65zg96jasc0s27jly48hsihrbdsv4-python3.14-ansible-core-2.21.1",
              "default": true
            },
            {
              "name": "dist",
              "path": "/nix/store/3x6fxyvxkhwikz4fa7vqdb1wkdnjrfm3-python3.14-ansible-core-2.21.1-dist"
            }
          ],
          "store_path": "/nix/store/qsl65zg96jasc0s27jly48hsihrbdsv4-python3.14-ansible-core-2.21.1"
        },
        "x86_64-darwin": {
          "outputs": [
            {
              "name": "out",
              "path": "/nix/store/291ym9bdzf65w9bij0n7hgih9np4lzd4-python3.13-ansible-core-2.21.1",
              "default": true
            },
            {
              "name": "dist",
              "path": "/nix/store/zpsfwv55vvv228rm95yvvw3i1q5j26jy-python3.13-ansible-core-2.21.1-dist"
            }
          ],
          "store_path": "/nix/store/291ym9bdzf65w9bij0n7hgih9np4lzd4-python3.13-ansible-core-2.21.1"
        },
        "x86_64-linux": {
          "outputs": [
            {
              "name": "out",
              "path": "/nix/store/ckpiafw1zwgbr4n6b0bg132nxirwwnq6-python3.14-ansible-core-2.21.1",
              "default": true
            },
            {
              "name": "dist",
              "path": "/nix/store/3h7d170316b8w478fqds4097w5brfibs-python3.14-ansible-core-2.21.1-dist"
            }
          ],
          "store_path": "/nix/store/ckpiafw1zwgbr4n6b0bg132nxirwwnq6-python3.14-ansible-core-2.21.1"
        }
      }
    },
    "github:NixOS/nixpkgs/nixpkgs-unstable": {
      "last_modified": "2026-07-20T13:48:30Z",
      "resolved": "github:NixOS/nixpkgs/421eebfd0ec7bccd4abe826ce62d7e6e83129493?lastModified=1784555310&narHash=sha256-%2FFCliTPgiuV1owejZFNx3Ch9irdvkOfOFl%2BHHZ%2BDrtM%3D"
    },
    "kubernetes-helm@latest": {
      "last_modified": "2026-07-11T07:21:12Z",
      "resolved": "github:NixOS/nixpkgs/770b9bbb84018993c8f009d437fff6c2e3077037#kubernetes-helm",
      "source": "devbox-search",
      "version": "4.2.3",
      "systems": {
        "aarch64-darwin": {
          "outputs": [
            {
              "name": "out",
              "path": "/nix/store/jg1p2gzhrgg5d0wfdv45j1144q3ms3i2-kubernetes-helm-4.2.3",
              "default": true
            }
          ],
          "store_path": "/nix/store/jg1p2gzhrgg5d0wfdv45j1144q3ms3i2-kubernetes-helm-4.2.3"
        },
        "aarch64-linux": {
          "outputs": [
            {
              "name": "out",
              "path": "/nix/store/0fmrj3fq2j2l95cj12pw1bkni4nihwsl-kubernetes-helm-4.2.3",
              "default": true
            }
          ],
          "store_path": "/nix/store/0fmrj3fq2j2l95cj12pw1bkni4nihwsl-kubernetes-helm-4.2.3"
        },
        "x86_64-linux": {
          "outputs": [
            {
              "name": "out",
              "path": "/nix/store/7vgl8w4ma0pl7f32n0rjgnmj6xalmiac-kubernetes-helm-4.2.3",
              "default": true
            }
          ],
          "store_path": "/nix/store/7vgl8w4ma0pl7f32n0rjgnmj6xalmiac-kubernetes-helm-4.2.3"
        }
      }
    },
    "sshpass@latest": {
      "last_modified": "2026-07-08T21:13:06Z",
      "resolved": "github:NixOS/nixpkgs/389ed85304b281ca7f306cf8a1eb4378651ca44e#sshpass",
      "source": "devbox-search",
      "version": "1.10",
      "systems": {
        "aarch64-darwin": {
          "outputs": [
            {
              "name": "out",
              "path": "/nix/store/i1br95nla5d4x562nk3a75k56y65v31s-sshpass-1.10",
              "default": true
            }
          ],
          "store_path": "/nix/store/i1br95nla5d4x562nk3a75k56y65v31s-sshpass-1.10"
        },
        "aarch64-linux": {
          "outputs": [
            {
              "name": "out",
              "path": "/nix/store/anizg9y50g20lm0xh18iiqzqp3vp2vd7-sshpass-1.10",
              "default": true
            }
          ],
          "store_path": "/nix/store/anizg9y50g20lm0xh18iiqzqp3vp2vd7-sshpass-1.10"
        },
        "x86_64-darwin": {
          "outputs": [
            {
              "name": "out",
              "path": "/nix/store/30kr31149dx8mcnwnnav03i4fjaw0d09-sshpass-1.10",
              "default": true
            }
          ],
          "store_path": "/nix/store/30kr31149dx8mcnwnnav03i4fjaw0d09-sshpass-1.10"
        },
        "x86_64-linux": {
          "outputs": [
            {
              "name": "out",
              "path": "/nix/store/pbi93bgsm2hrg5vajl6xabsdsypnn5wp-sshpass-1.10",
              "default": true
            }
          ],
          "store_path": "/nix/store/pbi93bgsm2hrg5vajl6xabsdsypnn5wp-sshpass-1.10"
        }
      }
    }
  }
}
